{
    "_readme": [
        "This file locks the dependencies of your project to a known state",
        "Read more about it at https://getcomposer.org/doc/01-basic-usage.md#installing-dependencies",
        "This file is @generated automatically"
    ],
    "content-hash": "b6d6ff0a493a87343262ed34211e793a",
    "packages": [
        {
            "name": "consolidation/annotated-command",
            "version": "2.12.1",
            "source": {
                "type": "git",
                "url": "https://github.com/consolidation/annotated-command.git",
                "reference": "0ee361762df2274f360c085e3239784a53f850b5"
            },
            "dist": {
                "type": "zip",
                "url": "https://api.github.com/repos/consolidation/annotated-command/zipball/0ee361762df2274f360c085e3239784a53f850b5",
                "reference": "0ee361762df2274f360c085e3239784a53f850b5",
                "shasum": ""
            },
            "require": {
                "consolidation/output-formatters": "^3.5.1",
                "php": ">=5.4.5",
                "psr/log": "^1",
                "symfony/console": "^2.8|^3|^4",
                "symfony/event-dispatcher": "^2.5|^3|^4",
                "symfony/finder": "^2.5|^3|^4|^5"
            },
            "require-dev": {
                "g1a/composer-test-scenarios": "^3",
                "php-coveralls/php-coveralls": "^1",
                "phpunit/phpunit": "^6",
                "squizlabs/php_codesniffer": "^2.7"
            },
            "type": "library",
            "extra": {
                "scenarios": {
                    "finder5": {
                        "require": {
                            "symfony/finder": "^5"
                        },
                        "config": {
                            "platform": {
                                "php": "7.2.5"
                            }
                        }
                    },
                    "symfony4": {
                        "require": {
                            "symfony/console": "^4.0"
                        },
                        "config": {
                            "platform": {
                                "php": "7.1.3"
                            }
                        }
                    },
                    "symfony2": {
                        "require": {
                            "symfony/console": "^2.8"
                        },
                        "require-dev": {
                            "phpunit/phpunit": "^4.8.36"
                        },
                        "remove": [
                            "php-coveralls/php-coveralls"
                        ],
                        "config": {
                            "platform": {
                                "php": "5.4.8"
                            }
                        },
                        "scenario-options": {
                            "create-lockfile": "false"
                        }
                    },
                    "phpunit4": {
                        "require-dev": {
                            "phpunit/phpunit": "^4.8.36"
                        },
                        "remove": [
                            "php-coveralls/php-coveralls"
                        ],
                        "config": {
                            "platform": {
                                "php": "5.4.8"
                            }
                        }
                    }
                },
                "branch-alias": {
                    "dev-master": "2.x-dev"
                }
            },
            "autoload": {
                "psr-4": {
                    "Consolidation\\AnnotatedCommand\\": "src"
                }
            },
            "notification-url": "https://packagist.org/downloads/",
            "license": [
                "MIT"
            ],
            "authors": [
                {
                    "name": "Greg Anderson",
                    "email": "greg.1.anderson@greenknowe.org"
                }
            ],
            "description": "Initialize Symfony Console commands from annotated command class methods.",
            "time": "2020-10-11T04:30:03+00:00"
        },
        {
            "name": "consolidation/config",
            "version": "1.2.1",
            "source": {
                "type": "git",
                "url": "https://github.com/consolidation/config.git",
                "reference": "cac1279bae7efb5c7fb2ca4c3ba4b8eb741a96c1"
            },
            "dist": {
                "type": "zip",
                "url": "https://api.github.com/repos/consolidation/config/zipball/cac1279bae7efb5c7fb2ca4c3ba4b8eb741a96c1",
                "reference": "cac1279bae7efb5c7fb2ca4c3ba4b8eb741a96c1",
                "shasum": ""
            },
            "require": {
                "dflydev/dot-access-data": "^1.1.0",
                "grasmash/expander": "^1",
                "php": ">=5.4.0"
            },
            "require-dev": {
                "g1a/composer-test-scenarios": "^3",
                "php-coveralls/php-coveralls": "^1",
                "phpunit/phpunit": "^5",
                "squizlabs/php_codesniffer": "2.*",
                "symfony/console": "^2.5|^3|^4",
                "symfony/yaml": "^2.8.11|^3|^4"
            },
            "suggest": {
                "symfony/yaml": "Required to use Consolidation\\Config\\Loader\\YamlConfigLoader"
            },
            "type": "library",
            "extra": {
                "scenarios": {
                    "symfony4": {
                        "require-dev": {
                            "symfony/console": "^4.0"
                        },
                        "config": {
                            "platform": {
                                "php": "7.1.3"
                            }
                        }
                    },
                    "symfony2": {
                        "require-dev": {
                            "symfony/console": "^2.8",
                            "symfony/event-dispatcher": "^2.8",
                            "phpunit/phpunit": "^4.8.36"
                        },
                        "remove": [
                            "php-coveralls/php-coveralls"
                        ],
                        "config": {
                            "platform": {
                                "php": "5.4.8"
                            }
                        }
                    }
                },
                "branch-alias": {
                    "dev-master": "1.x-dev"
                }
            },
            "autoload": {
                "psr-4": {
                    "Consolidation\\Config\\": "src"
                }
            },
            "notification-url": "https://packagist.org/downloads/",
            "license": [
                "MIT"
            ],
            "authors": [
                {
                    "name": "Greg Anderson",
                    "email": "greg.1.anderson@greenknowe.org"
                }
            ],
            "description": "Provide configuration services for a commandline tool.",
            "time": "2019-03-03T19:37:04+00:00"
        },
        {
            "name": "consolidation/log",
            "version": "1.1.1",
            "source": {
                "type": "git",
                "url": "https://github.com/consolidation/log.git",
                "reference": "b2e887325ee90abc96b0a8b7b474cd9e7c896e3a"
            },
            "dist": {
                "type": "zip",
                "url": "https://api.github.com/repos/consolidation/log/zipball/b2e887325ee90abc96b0a8b7b474cd9e7c896e3a",
                "reference": "b2e887325ee90abc96b0a8b7b474cd9e7c896e3a",
                "shasum": ""
            },
            "require": {
                "php": ">=5.4.5",
                "psr/log": "^1.0",
                "symfony/console": "^2.8|^3|^4"
            },
            "require-dev": {
                "g1a/composer-test-scenarios": "^3",
                "php-coveralls/php-coveralls": "^1",
                "phpunit/phpunit": "^6",
                "squizlabs/php_codesniffer": "^2"
            },
            "type": "library",
            "extra": {
                "scenarios": {
                    "symfony4": {
                        "require": {
                            "symfony/console": "^4.0"
                        },
                        "config": {
                            "platform": {
                                "php": "7.1.3"
                            }
                        }
                    },
                    "symfony2": {
                        "require": {
                            "symfony/console": "^2.8"
                        },
                        "require-dev": {
                            "phpunit/phpunit": "^4.8.36"
                        },
                        "remove": [
                            "php-coveralls/php-coveralls"
                        ],
                        "config": {
                            "platform": {
                                "php": "5.4.8"
                            }
                        }
                    },
                    "phpunit4": {
                        "require-dev": {
                            "phpunit/phpunit": "^4.8.36"
                        },
                        "remove": [
                            "php-coveralls/php-coveralls"
                        ],
                        "config": {
                            "platform": {
                                "php": "5.4.8"
                            }
                        }
                    }
                },
                "branch-alias": {
                    "dev-master": "1.x-dev"
                }
            },
            "autoload": {
                "psr-4": {
                    "Consolidation\\Log\\": "src"
                }
            },
            "notification-url": "https://packagist.org/downloads/",
            "license": [
                "MIT"
            ],
            "authors": [
                {
                    "name": "Greg Anderson",
                    "email": "greg.1.anderson@greenknowe.org"
                }
            ],
            "description": "Improved Psr-3 / Psr\\Log logger based on Symfony Console components.",
            "time": "2019-01-01T17:30:51+00:00"
        },
        {
            "name": "consolidation/output-formatters",
            "version": "3.5.1",
            "source": {
                "type": "git",
                "url": "https://github.com/consolidation/output-formatters.git",
                "reference": "0d38f13051ef05c223a2bb8e962d668e24785196"
            },
            "dist": {
                "type": "zip",
                "url": "https://api.github.com/repos/consolidation/output-formatters/zipball/0d38f13051ef05c223a2bb8e962d668e24785196",
                "reference": "0d38f13051ef05c223a2bb8e962d668e24785196",
                "shasum": ""
            },
            "require": {
                "dflydev/dot-access-data": "^1.1.0",
                "php": ">=5.4.0",
                "symfony/console": "^2.8|^3|^4",
                "symfony/finder": "^2.5|^3|^4|^5"
            },
            "require-dev": {
                "g1a/composer-test-scenarios": "^3",
                "php-coveralls/php-coveralls": "^1",
                "phpunit/phpunit": "^5.7.27",
                "squizlabs/php_codesniffer": "^2.7",
                "symfony/var-dumper": "^2.8|^3|^4",
                "victorjonsson/markdowndocs": "^1.3"
            },
            "suggest": {
                "symfony/var-dumper": "For using the var_dump formatter"
            },
            "type": "library",
            "extra": {
                "scenarios": {
                    "finder5": {
                        "require": {
                            "symfony/finder": "^5"
                        },
                        "config": {
                            "platform": {
                                "php": "7.2.5"
                            }
                        }
                    },
                    "symfony4": {
                        "require": {
                            "symfony/console": "^4.0"
                        },
                        "require-dev": {
                            "phpunit/phpunit": "^6"
                        },
                        "config": {
                            "platform": {
                                "php": "7.1.3"
                            }
                        }
                    },
                    "symfony3": {
                        "require": {
                            "symfony/console": "^3.4",
                            "symfony/finder": "^3.4",
                            "symfony/var-dumper": "^3.4"
                        },
                        "config": {
                            "platform": {
                                "php": "5.6.32"
                            }
                        }
                    },
                    "symfony2": {
                        "require": {
                            "symfony/console": "^2.8"
                        },
                        "require-dev": {
                            "phpunit/phpunit": "^4.8.36"
                        },
                        "remove": [
                            "php-coveralls/php-coveralls"
                        ],
                        "config": {
                            "platform": {
                                "php": "5.4.8"
                            }
                        },
                        "scenario-options": {
                            "create-lockfile": "false"
                        }
                    }
                },
                "branch-alias": {
                    "dev-master": "3.x-dev"
                }
            },
            "autoload": {
                "psr-4": {
                    "Consolidation\\OutputFormatters\\": "src"
                }
            },
            "notification-url": "https://packagist.org/downloads/",
            "license": [
                "MIT"
            ],
            "authors": [
                {
                    "name": "Greg Anderson",
                    "email": "greg.1.anderson@greenknowe.org"
                }
            ],
            "description": "Format text by applying transformations provided by plug-in formatters.",
            "time": "2020-10-11T04:15:32+00:00"
        },
        {
            "name": "consolidation/robo",
            "version": "1.4.13",
            "source": {
                "type": "git",
                "url": "https://github.com/consolidation/Robo.git",
                "reference": "fd28dcca1b935950ece26e63541fbdeeb09f7343"
            },
            "dist": {
                "type": "zip",
                "url": "https://api.github.com/repos/consolidation/Robo/zipball/fd28dcca1b935950ece26e63541fbdeeb09f7343",
                "reference": "fd28dcca1b935950ece26e63541fbdeeb09f7343",
                "shasum": ""
            },
            "require": {
                "consolidation/annotated-command": "^2.12.1|^4.1",
                "consolidation/config": "^1.2.1",
                "consolidation/log": "^1.1.1|^2",
                "consolidation/output-formatters": "^3.5.1|^4.1",
                "consolidation/self-update": "^1.1.5",
                "grasmash/yaml-expander": "^1.4",
                "league/container": "^2.4.1",
                "php": ">=5.5.0",
                "symfony/console": "^2.8|^3|^4",
                "symfony/event-dispatcher": "^2.5|^3|^4",
                "symfony/filesystem": "^2.5|^3|^4",
                "symfony/finder": "^2.5|^3|^4|^5",
                "symfony/process": "^2.5|^3|^4"
            },
            "replace": {
                "codegyre/robo": "< 1.0"
            },
            "require-dev": {
                "g1a/composer-test-scenarios": "^3",
                "natxet/cssmin": "3.0.4",
                "patchwork/jsqueeze": "^2",
                "pear/archive_tar": "^1.4.4",
                "php-coveralls/php-coveralls": "^1",
                "phpunit/phpunit": "^5.7.27",
                "squizlabs/php_codesniffer": "^3"
            },
            "suggest": {
                "henrikbjorn/lurker": "For monitoring filesystem changes in taskWatch",
                "natxet/CssMin": "For minifying CSS files in taskMinify",
                "patchwork/jsqueeze": "For minifying JS files in taskMinify",
                "pear/archive_tar": "Allows tar archives to be created and extracted in taskPack and taskExtract, respectively."
            },
            "bin": [
                "robo"
            ],
            "type": "library",
            "extra": {
                "scenarios": {
                    "finder5": {
                        "require": {
                            "symfony/finder": "^5"
                        },
                        "config": {
                            "platform": {
                                "php": "7.2.5"
                            }
                        }
                    },
                    "symfony4": {
                        "require": {
                            "symfony/console": "^4"
                        },
                        "config": {
                            "platform": {
                                "php": "7.1.3"
                            }
                        }
                    },
                    "symfony2": {
                        "require": {
                            "symfony/console": "^2.8"
                        },
                        "require-dev": {
                            "phpunit/phpunit": "^4.8.36"
                        },
                        "remove": [
                            "php-coveralls/php-coveralls"
                        ],
                        "config": {
                            "platform": {
                                "php": "5.5.9"
                            }
                        },
                        "scenario-options": {
                            "create-lockfile": "false"
                        }
                    }
                },
                "branch-alias": {
                    "dev-master": "1.x-dev"
                }
            },
            "autoload": {
                "psr-4": {
                    "Robo\\": "src"
                }
            },
            "notification-url": "https://packagist.org/downloads/",
            "license": [
                "MIT"
            ],
            "authors": [
                {
                    "name": "Davert",
                    "email": "davert.php@resend.cc"
                }
            ],
            "description": "Modern task runner",
            "time": "2020-10-11T04:51:34+00:00"
        },
        {
            "name": "consolidation/self-update",
            "version": "1.2.0",
            "source": {
                "type": "git",
                "url": "https://github.com/consolidation/self-update.git",
                "reference": "dba6b2c0708f20fa3ba8008a2353b637578849b4"
            },
            "dist": {
                "type": "zip",
                "url": "https://api.github.com/repos/consolidation/self-update/zipball/dba6b2c0708f20fa3ba8008a2353b637578849b4",
                "reference": "dba6b2c0708f20fa3ba8008a2353b637578849b4",
                "shasum": ""
            },
            "require": {
                "php": ">=5.5.0",
                "symfony/console": "^2.8|^3|^4|^5",
                "symfony/filesystem": "^2.5|^3|^4|^5"
            },
            "bin": [
                "scripts/release"
            ],
            "type": "library",
            "extra": {
                "branch-alias": {
                    "dev-master": "1.x-dev"
                }
            },
            "autoload": {
                "psr-4": {
                    "SelfUpdate\\": "src"
                }
            },
            "notification-url": "https://packagist.org/downloads/",
            "license": [
                "MIT"
            ],
            "authors": [
                {
                    "name": "Alexander Menk",
                    "email": "menk@mestrona.net"
                },
                {
                    "name": "Greg Anderson",
                    "email": "greg.1.anderson@greenknowe.org"
                }
            ],
            "description": "Provides a self:update command for Symfony Console applications.",
            "time": "2020-04-13T02:49:20+00:00"
        },
        {
            "name": "container-interop/container-interop",
            "version": "1.2.0",
            "source": {
                "type": "git",
                "url": "https://github.com/container-interop/container-interop.git",
                "reference": "79cbf1341c22ec75643d841642dd5d6acd83bdb8"
            },
            "dist": {
                "type": "zip",
                "url": "https://api.github.com/repos/container-interop/container-interop/zipball/79cbf1341c22ec75643d841642dd5d6acd83bdb8",
                "reference": "79cbf1341c22ec75643d841642dd5d6acd83bdb8",
                "shasum": ""
            },
            "require": {
                "psr/container": "^1.0"
            },
            "type": "library",
            "autoload": {
                "psr-4": {
                    "Interop\\Container\\": "src/Interop/Container/"
                }
            },
            "notification-url": "https://packagist.org/downloads/",
            "license": [
                "MIT"
            ],
            "description": "Promoting the interoperability of container objects (DIC, SL, etc.)",
            "homepage": "https://github.com/container-interop/container-interop",
            "abandoned": "psr/container",
            "time": "2017-02-14T19:40:03+00:00"
        },
        {
            "name": "dflydev/dot-access-data",
            "version": "v1.1.0",
            "source": {
                "type": "git",
                "url": "https://github.com/dflydev/dflydev-dot-access-data.git",
                "reference": "3fbd874921ab2c041e899d044585a2ab9795df8a"
            },
            "dist": {
                "type": "zip",
                "url": "https://api.github.com/repos/dflydev/dflydev-dot-access-data/zipball/3fbd874921ab2c041e899d044585a2ab9795df8a",
                "reference": "3fbd874921ab2c041e899d044585a2ab9795df8a",
                "shasum": ""
            },
            "require": {
                "php": ">=5.3.2"
            },
            "type": "library",
            "extra": {
                "branch-alias": {
                    "dev-master": "1.0-dev"
                }
            },
            "autoload": {
                "psr-0": {
                    "Dflydev\\DotAccessData": "src"
                }
            },
            "notification-url": "https://packagist.org/downloads/",
            "license": [
                "MIT"
            ],
            "authors": [
                {
                    "name": "Dragonfly Development Inc.",
                    "email": "info@dflydev.com",
                    "homepage": "http://dflydev.com"
                },
                {
                    "name": "Beau Simensen",
                    "email": "beau@dflydev.com",
                    "homepage": "http://beausimensen.com"
                },
                {
                    "name": "Carlos Frutos",
                    "email": "carlos@kiwing.it",
                    "homepage": "https://github.com/cfrutos"
                }
            ],
            "description": "Given a deep data structure, access data by dot notation.",
            "homepage": "https://github.com/dflydev/dflydev-dot-access-data",
            "keywords": [
                "access",
                "data",
                "dot",
                "notation"
            ],
            "time": "2017-01-20T21:14:22+00:00"
        },
        {
            "name": "grasmash/expander",
            "version": "1.0.0",
            "source": {
                "type": "git",
                "url": "https://github.com/grasmash/expander.git",
                "reference": "95d6037344a4be1dd5f8e0b0b2571a28c397578f"
            },
            "dist": {
                "type": "zip",
                "url": "https://api.github.com/repos/grasmash/expander/zipball/95d6037344a4be1dd5f8e0b0b2571a28c397578f",
                "reference": "95d6037344a4be1dd5f8e0b0b2571a28c397578f",
                "shasum": ""
            },
            "require": {
                "dflydev/dot-access-data": "^1.1.0",
                "php": ">=5.4"
            },
            "require-dev": {
                "greg-1-anderson/composer-test-scenarios": "^1",
                "phpunit/phpunit": "^4|^5.5.4",
                "satooshi/php-coveralls": "^1.0.2|dev-master",
                "squizlabs/php_codesniffer": "^2.7"
            },
            "type": "library",
            "extra": {
                "branch-alias": {
                    "dev-master": "1.x-dev"
                }
            },
            "autoload": {
                "psr-4": {
                    "Grasmash\\Expander\\": "src/"
                }
            },
            "notification-url": "https://packagist.org/downloads/",
            "license": [
                "MIT"
            ],
            "authors": [
                {
                    "name": "Matthew Grasmick"
                }
            ],
            "description": "Expands internal property references in PHP arrays file.",
            "time": "2017-12-21T22:14:55+00:00"
        },
        {
            "name": "grasmash/yaml-expander",
            "version": "1.4.0",
            "source": {
                "type": "git",
                "url": "https://github.com/grasmash/yaml-expander.git",
                "reference": "3f0f6001ae707a24f4d9733958d77d92bf9693b1"
            },
            "dist": {
                "type": "zip",
                "url": "https://api.github.com/repos/grasmash/yaml-expander/zipball/3f0f6001ae707a24f4d9733958d77d92bf9693b1",
                "reference": "3f0f6001ae707a24f4d9733958d77d92bf9693b1",
                "shasum": ""
            },
            "require": {
                "dflydev/dot-access-data": "^1.1.0",
                "php": ">=5.4",
                "symfony/yaml": "^2.8.11|^3|^4"
            },
            "require-dev": {
                "greg-1-anderson/composer-test-scenarios": "^1",
                "phpunit/phpunit": "^4.8|^5.5.4",
                "satooshi/php-coveralls": "^1.0.2|dev-master",
                "squizlabs/php_codesniffer": "^2.7"
            },
            "type": "library",
            "extra": {
                "branch-alias": {
                    "dev-master": "1.x-dev"
                }
            },
            "autoload": {
                "psr-4": {
                    "Grasmash\\YamlExpander\\": "src/"
                }
            },
            "notification-url": "https://packagist.org/downloads/",
            "license": [
                "MIT"
            ],
            "authors": [
                {
                    "name": "Matthew Grasmick"
                }
            ],
            "description": "Expands internal property references in a yaml file.",
            "time": "2017-12-16T16:06:03+00:00"
        },
        {
            "name": "league/container",
            "version": "2.4.1",
            "source": {
                "type": "git",
                "url": "https://github.com/thephpleague/container.git",
                "reference": "43f35abd03a12977a60ffd7095efd6a7808488c0"
            },
            "dist": {
                "type": "zip",
                "url": "https://api.github.com/repos/thephpleague/container/zipball/43f35abd03a12977a60ffd7095efd6a7808488c0",
                "reference": "43f35abd03a12977a60ffd7095efd6a7808488c0",
                "shasum": ""
            },
            "require": {
                "container-interop/container-interop": "^1.2",
                "php": "^5.4.0 || ^7.0"
            },
            "provide": {
                "container-interop/container-interop-implementation": "^1.2",
                "psr/container-implementation": "^1.0"
            },
            "replace": {
                "orno/di": "~2.0"
            },
            "require-dev": {
                "phpunit/phpunit": "4.*"
            },
            "type": "library",
            "extra": {
                "branch-alias": {
                    "dev-2.x": "2.x-dev",
                    "dev-1.x": "1.x-dev"
                }
            },
            "autoload": {
                "psr-4": {
                    "League\\Container\\": "src"
                }
            },
            "notification-url": "https://packagist.org/downloads/",
            "license": [
                "MIT"
            ],
            "authors": [
                {
                    "name": "Phil Bennett",
                    "role": "Developer",
                    "email": "philipobenito@gmail.com",
                    "homepage": "http://www.philipobenito.com"
                }
            ],
            "description": "A fast and intuitive dependency injection container.",
            "homepage": "https://github.com/thephpleague/container",
            "keywords": [
                "container",
                "dependency",
                "di",
                "injection",
                "league",
                "provider",
                "service"
            ],
            "time": "2017-05-10T09:20:27+00:00"
        },
        {
            "name": "psr/container",
            "version": "1.0.0",
            "source": {
                "type": "git",
                "url": "https://github.com/php-fig/container.git",
                "reference": "b7ce3b176482dbbc1245ebf52b181af44c2cf55f"
            },
            "dist": {
                "type": "zip",
                "url": "https://api.github.com/repos/php-fig/container/zipball/b7ce3b176482dbbc1245ebf52b181af44c2cf55f",
                "reference": "b7ce3b176482dbbc1245ebf52b181af44c2cf55f",
                "shasum": ""
            },
            "require": {
                "php": ">=5.3.0"
            },
            "type": "library",
            "extra": {
                "branch-alias": {
                    "dev-master": "1.0.x-dev"
                }
            },
            "autoload": {
                "psr-4": {
                    "Psr\\Container\\": "src/"
                }
            },
            "notification-url": "https://packagist.org/downloads/",
            "license": [
                "MIT"
            ],
            "authors": [
                {
                    "name": "PHP-FIG",
                    "homepage": "http://www.php-fig.org/"
                }
            ],
            "description": "Common Container Interface (PHP FIG PSR-11)",
            "homepage": "https://github.com/php-fig/container",
            "keywords": [
                "PSR-11",
                "container",
                "container-interface",
                "container-interop",
                "psr"
            ],
            "time": "2017-02-14T16:28:37+00:00"
        },
        {
            "name": "psr/log",
            "version": "1.1.3",
            "source": {
                "type": "git",
                "url": "https://github.com/php-fig/log.git",
                "reference": "0f73288fd15629204f9d42b7055f72dacbe811fc"
            },
            "dist": {
                "type": "zip",
                "url": "https://api.github.com/repos/php-fig/log/zipball/0f73288fd15629204f9d42b7055f72dacbe811fc",
                "reference": "0f73288fd15629204f9d42b7055f72dacbe811fc",
                "shasum": ""
            },
            "require": {
                "php": ">=5.3.0"
            },
            "type": "library",
            "extra": {
                "branch-alias": {
                    "dev-master": "1.1.x-dev"
                }
            },
            "autoload": {
                "psr-4": {
                    "Psr\\Log\\": "Psr/Log/"
                }
            },
            "notification-url": "https://packagist.org/downloads/",
            "license": [
                "MIT"
            ],
            "authors": [
                {
                    "name": "PHP-FIG",
                    "homepage": "http://www.php-fig.org/"
                }
            ],
            "description": "Common interface for logging libraries",
            "homepage": "https://github.com/php-fig/log",
            "keywords": [
                "log",
                "psr",
                "psr-3"
            ],
            "time": "2020-03-23T09:12:05+00:00"
        },
        {
            "name": "symfony/console",
            "version": "v3.3.6",
            "source": {
                "type": "git",
                "url": "https://github.com/symfony/console.git",
                "reference": "b0878233cb5c4391347e5495089c7af11b8e6201"
            },
            "dist": {
                "type": "zip",
                "url": "https://api.github.com/repos/symfony/console/zipball/b0878233cb5c4391347e5495089c7af11b8e6201",
                "reference": "b0878233cb5c4391347e5495089c7af11b8e6201",
                "shasum": ""
            },
            "require": {
                "php": ">=5.5.9",
                "symfony/debug": "~2.8|~3.0",
                "symfony/polyfill-mbstring": "~1.0"
            },
            "conflict": {
                "symfony/dependency-injection": "<3.3"
            },
            "require-dev": {
                "psr/log": "~1.0",
                "symfony/config": "~3.3",
                "symfony/dependency-injection": "~3.3",
                "symfony/event-dispatcher": "~2.8|~3.0",
                "symfony/filesystem": "~2.8|~3.0",
                "symfony/http-kernel": "~2.8|~3.0",
                "symfony/process": "~2.8|~3.0"
            },
            "suggest": {
                "psr/log": "For using the console logger",
                "symfony/event-dispatcher": "",
                "symfony/filesystem": "",
                "symfony/process": ""
            },
            "type": "library",
            "extra": {
                "branch-alias": {
                    "dev-master": "3.3-dev"
                }
            },
            "autoload": {
                "psr-4": {
                    "Symfony\\Component\\Console\\": ""
                },
                "exclude-from-classmap": [
                    "/Tests/"
                ]
            },
            "notification-url": "https://packagist.org/downloads/",
            "license": [
                "MIT"
            ],
            "authors": [
                {
                    "name": "Fabien Potencier",
                    "email": "fabien@symfony.com"
                },
                {
                    "name": "Symfony Community",
                    "homepage": "https://symfony.com/contributors"
                }
            ],
            "description": "Symfony Console Component",
            "homepage": "https://symfony.com",
            "time": "2017-07-29T21:27:59+00:00"
        },
        {
            "name": "symfony/debug",
            "version": "v3.3.6",
            "source": {
                "type": "git",
                "url": "https://github.com/symfony/debug.git",
                "reference": "7c13ae8ce1e2adbbd574fc39de7be498e1284e13"
            },
            "dist": {
                "type": "zip",
                "url": "https://api.github.com/repos/symfony/debug/zipball/7c13ae8ce1e2adbbd574fc39de7be498e1284e13",
                "reference": "7c13ae8ce1e2adbbd574fc39de7be498e1284e13",
                "shasum": ""
            },
            "require": {
                "php": ">=5.5.9",
                "psr/log": "~1.0"
            },
            "conflict": {
                "symfony/http-kernel": ">=2.3,<2.3.24|~2.4.0|>=2.5,<2.5.9|>=2.6,<2.6.2"
            },
            "require-dev": {
                "symfony/http-kernel": "~2.8|~3.0"
            },
            "type": "library",
            "extra": {
                "branch-alias": {
                    "dev-master": "3.3-dev"
                }
            },
            "autoload": {
                "psr-4": {
                    "Symfony\\Component\\Debug\\": ""
                },
                "exclude-from-classmap": [
                    "/Tests/"
                ]
            },
            "notification-url": "https://packagist.org/downloads/",
            "license": [
                "MIT"
            ],
            "authors": [
                {
                    "name": "Fabien Potencier",
                    "email": "fabien@symfony.com"
                },
                {
                    "name": "Symfony Community",
                    "homepage": "https://symfony.com/contributors"
                }
            ],
            "description": "Symfony Debug Component",
            "homepage": "https://symfony.com",
            "time": "2017-07-28T15:27:31+00:00"
        },
        {
            "name": "symfony/event-dispatcher",
            "version": "v3.3.6",
            "source": {
                "type": "git",
                "url": "https://github.com/symfony/event-dispatcher.git",
                "reference": "67535f1e3fd662bdc68d7ba317c93eecd973617e"
            },
            "dist": {
                "type": "zip",
                "url": "https://api.github.com/repos/symfony/event-dispatcher/zipball/67535f1e3fd662bdc68d7ba317c93eecd973617e",
                "reference": "67535f1e3fd662bdc68d7ba317c93eecd973617e",
                "shasum": ""
            },
            "require": {
                "php": ">=5.5.9"
            },
            "conflict": {
                "symfony/dependency-injection": "<3.3"
            },
            "require-dev": {
                "psr/log": "~1.0",
                "symfony/config": "~2.8|~3.0",
                "symfony/dependency-injection": "~3.3",
                "symfony/expression-language": "~2.8|~3.0",
                "symfony/stopwatch": "~2.8|~3.0"
            },
            "suggest": {
                "symfony/dependency-injection": "",
                "symfony/http-kernel": ""
            },
            "type": "library",
            "extra": {
                "branch-alias": {
                    "dev-master": "3.3-dev"
                }
            },
            "autoload": {
                "psr-4": {
                    "Symfony\\Component\\EventDispatcher\\": ""
                },
                "exclude-from-classmap": [
                    "/Tests/"
                ]
            },
            "notification-url": "https://packagist.org/downloads/",
            "license": [
                "MIT"
            ],
            "authors": [
                {
                    "name": "Fabien Potencier",
                    "email": "fabien@symfony.com"
                },
                {
                    "name": "Symfony Community",
                    "homepage": "https://symfony.com/contributors"
                }
            ],
            "description": "Symfony EventDispatcher Component",
            "homepage": "https://symfony.com",
            "time": "2017-06-09T14:53:08+00:00"
        },
        {
            "name": "symfony/filesystem",
            "version": "v3.3.6",
            "source": {
                "type": "git",
                "url": "https://github.com/symfony/filesystem.git",
                "reference": "427987eb4eed764c3b6e38d52a0f87989e010676"
            },
            "dist": {
                "type": "zip",
                "url": "https://api.github.com/repos/symfony/filesystem/zipball/427987eb4eed764c3b6e38d52a0f87989e010676",
                "reference": "427987eb4eed764c3b6e38d52a0f87989e010676",
                "shasum": ""
            },
            "require": {
                "php": ">=5.5.9"
            },
            "type": "library",
            "extra": {
                "branch-alias": {
                    "dev-master": "3.3-dev"
                }
            },
            "autoload": {
                "psr-4": {
                    "Symfony\\Component\\Filesystem\\": ""
                },
                "exclude-from-classmap": [
                    "/Tests/"
                ]
            },
            "notification-url": "https://packagist.org/downloads/",
            "license": [
                "MIT"
            ],
            "authors": [
                {
                    "name": "Fabien Potencier",
                    "email": "fabien@symfony.com"
                },
                {
                    "name": "Symfony Community",
                    "homepage": "https://symfony.com/contributors"
                }
            ],
            "description": "Symfony Filesystem Component",
            "homepage": "https://symfony.com",
            "time": "2017-07-11T07:17:58+00:00"
        },
        {
            "name": "symfony/finder",
            "version": "v3.3.6",
            "source": {
                "type": "git",
                "url": "https://github.com/symfony/finder.git",
                "reference": "baea7f66d30854ad32988c11a09d7ffd485810c4"
            },
            "dist": {
                "type": "zip",
                "url": "https://api.github.com/repos/symfony/finder/zipball/baea7f66d30854ad32988c11a09d7ffd485810c4",
                "reference": "baea7f66d30854ad32988c11a09d7ffd485810c4",
                "shasum": ""
            },
            "require": {
                "php": ">=5.5.9"
            },
            "type": "library",
            "extra": {
                "branch-alias": {
                    "dev-master": "3.3-dev"
                }
            },
            "autoload": {
                "psr-4": {
                    "Symfony\\Component\\Finder\\": ""
                },
                "exclude-from-classmap": [
                    "/Tests/"
                ]
            },
            "notification-url": "https://packagist.org/downloads/",
            "license": [
                "MIT"
            ],
            "authors": [
                {
                    "name": "Fabien Potencier",
                    "email": "fabien@symfony.com"
                },
                {
                    "name": "Symfony Community",
                    "homepage": "https://symfony.com/contributors"
                }
            ],
            "description": "Symfony Finder Component",
            "homepage": "https://symfony.com",
            "time": "2017-06-01T21:01:25+00:00"
        },
        {
            "name": "symfony/polyfill-mbstring",
            "version": "v1.19.0",
            "source": {
                "type": "git",
                "url": "https://github.com/symfony/polyfill-mbstring.git",
                "reference": "b5f7b932ee6fa802fc792eabd77c4c88084517ce"
            },
            "dist": {
                "type": "zip",
                "url": "https://api.github.com/repos/symfony/polyfill-mbstring/zipball/b5f7b932ee6fa802fc792eabd77c4c88084517ce",
                "reference": "b5f7b932ee6fa802fc792eabd77c4c88084517ce",
                "shasum": ""
            },
            "require": {
                "php": ">=5.3.3"
            },
            "suggest": {
                "ext-mbstring": "For best performance"
            },
            "type": "library",
            "extra": {
                "branch-alias": {
                    "dev-main": "1.19-dev"
                },
                "thanks": {
                    "name": "symfony/polyfill",
                    "url": "https://github.com/symfony/polyfill"
                }
            },
            "autoload": {
                "psr-4": {
                    "Symfony\\Polyfill\\Mbstring\\": ""
                },
                "files": [
                    "bootstrap.php"
                ]
            },
            "notification-url": "https://packagist.org/downloads/",
            "license": [
                "MIT"
            ],
            "authors": [
                {
                    "name": "Nicolas Grekas",
                    "email": "p@tchwork.com"
                },
                {
                    "name": "Symfony Community",
                    "homepage": "https://symfony.com/contributors"
                }
            ],
            "description": "Symfony polyfill for the Mbstring extension",
            "homepage": "https://symfony.com",
            "keywords": [
                "compatibility",
                "mbstring",
                "polyfill",
                "portable",
                "shim"
            ],
            "funding": [
                {
                    "url": "https://symfony.com/sponsor",
                    "type": "custom"
                },
                {
                    "url": "https://github.com/fabpot",
                    "type": "github"
                },
                {
                    "url": "https://tidelift.com/funding/github/packagist/symfony/symfony",
                    "type": "tidelift"
                }
            ],
            "time": "2020-10-23T09:01:57+00:00"
        },
        {
            "name": "symfony/process",
            "version": "v3.3.6",
            "source": {
                "type": "git",
                "url": "https://github.com/symfony/process.git",
                "reference": "07432804942b9f6dd7b7377faf9920af5f95d70a"
            },
            "dist": {
                "type": "zip",
                "url": "https://api.github.com/repos/symfony/process/zipball/07432804942b9f6dd7b7377faf9920af5f95d70a",
                "reference": "07432804942b9f6dd7b7377faf9920af5f95d70a",
                "shasum": ""
            },
            "require": {
                "php": ">=5.5.9"
            },
            "type": "library",
            "extra": {
                "branch-alias": {
                    "dev-master": "3.3-dev"
                }
            },
            "autoload": {
                "psr-4": {
                    "Symfony\\Component\\Process\\": ""
                },
                "exclude-from-classmap": [
                    "/Tests/"
                ]
            },
            "notification-url": "https://packagist.org/downloads/",
            "license": [
                "MIT"
            ],
            "authors": [
                {
                    "name": "Fabien Potencier",
                    "email": "fabien@symfony.com"
                },
                {
                    "name": "Symfony Community",
                    "homepage": "https://symfony.com/contributors"
                }
            ],
            "description": "Symfony Process Component",
            "homepage": "https://symfony.com",
            "time": "2017-07-13T13:05:09+00:00"
        },
        {
            "name": "symfony/yaml",
            "version": "v3.3.6",
            "source": {
                "type": "git",
                "url": "https://github.com/symfony/yaml.git",
                "reference": "ddc23324e6cfe066f3dd34a37ff494fa80b617ed"
            },
            "dist": {
                "type": "zip",
                "url": "https://api.github.com/repos/symfony/yaml/zipball/ddc23324e6cfe066f3dd34a37ff494fa80b617ed",
                "reference": "ddc23324e6cfe066f3dd34a37ff494fa80b617ed",
                "shasum": ""
            },
            "require": {
                "php": ">=5.5.9"
            },
            "require-dev": {
                "symfony/console": "~2.8|~3.0"
            },
            "suggest": {
                "symfony/console": "For validating YAML files using the lint command"
            },
            "type": "library",
            "extra": {
                "branch-alias": {
                    "dev-master": "3.3-dev"
                }
            },
            "autoload": {
                "psr-4": {
                    "Symfony\\Component\\Yaml\\": ""
                },
                "exclude-from-classmap": [
                    "/Tests/"
                ]
            },
            "notification-url": "https://packagist.org/downloads/",
            "license": [
                "MIT"
            ],
            "authors": [
                {
                    "name": "Fabien Potencier",
                    "email": "fabien@symfony.com"
                },
                {
                    "name": "Symfony Community",
                    "homepage": "https://symfony.com/contributors"
                }
            ],
            "description": "Symfony Yaml Component",
            "homepage": "https://symfony.com",
            "time": "2017-07-23T12:43:26+00:00"
        }
    ],
    "packages-dev": [],
    "aliases": [],
    "minimum-stability": "stable",
    "stability-flags": [],
    "prefer-stable": false,
    "prefer-lowest": false,
    "platform": [],
    "platform-dev": [],
    "platform-overrides": {
        "php": "7.0"
    },
    "plugin-api-version": "1.1.0"
}
